
Microsoft Visual Studio Solution File, Format Version 12.00
# Visual Studio 15
Project("{FAE04EC0-301F-11D3-BF4B-00C04F79EFBC}") = "Assembly-CSharp", "Assembly-CSharp.csproj", "{C8DD7F4C-8AA3-4149-F86D-9E308CE8ADE8}"
EndProject
Project("{FAE04EC0-301F-11D3-BF4B-00C04F79EFBC}") = "Assembly-CSharp-Editor", "Assembly-CSharp-Editor.csproj", "{871E3DD3-B7A5-81DA-505D-AB198A7869F8}"
EndProject
Global
	GlobalSection(SolutionConfigurationPlatforms) = preSolution
		Debug|Any CPU = Debug|Any CPU
		Release|Any CPU = Release|Any CPU
	EndGlobalSection
	GlobalSection(ProjectConfigurationPlatforms) = postSolution
		{C8DD7F4C-8AA3-4149-F86D-9E308CE8ADE8}.Debug|Any CPU.ActiveCfg = Debug|Any CPU
		{C8DD7F4C-8AA3-4149-F86D-9E308CE8ADE8}.Debug|Any CPU.Build.0 = Debug|Any CPU
		{C8DD7F4C-8AA3-4149-F86D-9E308CE8ADE8}.Release|Any CPU.ActiveCfg = Release|Any CPU
		{C8DD7F4C-8AA3-4149-F86D-9E308CE8ADE8}.Release|Any CPU.Build.0 = Release|Any CPU
		{871E3DD3-B7A5-81DA-505D-AB198A7869F8}.Debug|Any CPU.ActiveCfg = Debug|Any CPU
		{871E3DD3-B7A5-81DA-505D-AB198A7869F8}.Debug|Any CPU.Build.0 = Debug|Any CPU
		{871E3DD3-B7A5-81DA-505D-AB198A7869F8}.Release|Any CPU.ActiveCfg = Release|Any CPU
		{871E3DD3-B7A5-81DA-505D-AB198A7869F8}.Release|Any CPU.Build.0 = Release|Any CPU
	EndGlobalSection
	GlobalSection(SolutionProperties) = preSolution
		HideSolutionNode = FALSE
	EndGlobalSection
EndGlobal
